// !$*UTF8*$!
{
	archiveVersion = 1;
	classes = {
	};
	objectVersion = 55;
	objects = {

/* Begin PBXBuildFile section */
		B20B9F4E56BAC5B44AA461A0 /* Pods_NewsApp_NewsAppUITests.framework in Frameworks */ = {isa = PBXBuildFile; fileRef = 9636D05ECE597999D4D39BEF /* Pods_NewsApp_NewsAppUITests.framework */; };
		EBA4F9DCFD34F395BCAC877A /* Pods_NewsApp.framework in Frameworks */ = {isa = PBXBuildFile; fileRef = 0CB493D9420DA8524972744B /* Pods_NewsApp.framework */; };
		F3585B1C28B23A0C00BCFD01 /* AppDelegate.swift in Sources */ = {isa = PBXBuildFile; fileRef = F3585B1B28B23A0C00BCFD01 /* AppDelegate.swift */; };
		F3585B1E28B23A0C00BCFD01 /* SceneDelegate.swift in Sources */ = {isa = PBXBuildFile; fileRef = F3585B1D28B23A0C00BCFD01 /* SceneDelegate.swift */; };
		F3585B2328B23A0C00BCFD01 /* News.storyboard in Resources */ = {isa = PBXBuildFile; fileRef = F3585B2128B23A0C00BCFD01 /* News.storyboard */; };
		F3585B2528B23A1000BCFD01 /* Assets.xcassets in Resources */ = {isa = PBXBuildFile; fileRef = F3585B2428B23A1000BCFD01 /* Assets.xcassets */; };
		F3585B2828B23A1000BCFD01 /* LaunchScreen.storyboard in Resources */ = {isa = PBXBuildFile; fileRef = F3585B2628B23A1000BCFD01 /* LaunchScreen.storyboard */; };
		F3585B3328B23A1000BCFD01 /* NewsAppTests.swift in Sources */ = {isa = PBXBuildFile; fileRef = F3585B3228B23A1000BCFD01 /* NewsAppTests.swift */; };
		F3585B3D28B23A1000BCFD01 /* NewsAppUITests.swift in Sources */ = {isa = PBXBuildFile; fileRef = F3585B3C28B23A1000BCFD01 /* NewsAppUITests.swift */; };
		F3585B3F28B23A1000BCFD01 /* NewsAppUITestsLaunchTests.swift in Sources */ = {isa = PBXBuildFile; fileRef = F3585B3E28B23A1000BCFD01 /* NewsAppUITestsLaunchTests.swift */; };
		F3585B4C28B23EB200BCFD01 /* GoogleService-Info.plist in Resources */ = {isa = PBXBuildFile; fileRef = F3585B4B28B23EB200BCFD01 /* GoogleService-Info.plist */; };
		F3585B4E28B24FFE00BCFD01 /* AppCoordinator.swift in Sources */ = {isa = PBXBuildFile; fileRef = F3585B4D28B24FFE00BCFD01 /* AppCoordinator.swift */; };
		F3585B5028B2503E00BCFD01 /* Coordinator.swift in Sources */ = {isa = PBXBuildFile; fileRef = F3585B4F28B2503E00BCFD01 /* Coordinator.swift */; };
		F3585B5328B2509100BCFD01 /* DependencyContainer.swift in Sources */ = {isa = PBXBuildFile; fileRef = F3585B5228B2509100BCFD01 /* DependencyContainer.swift */; };
		F3585B5528B251B900BCFD01 /* APIManager.swift in Sources */ = {isa = PBXBuildFile; fileRef = F3585B5428B251B900BCFD01 /* APIManager.swift */; };
		F3585B5728B2523300BCFD01 /* DependencyManager.swift in Sources */ = {isa = PBXBuildFile; fileRef = F3585B5628B2523300BCFD01 /* DependencyManager.swift */; };
		F3585B5928B252CF00BCFD01 /* SessionManager.swift in Sources */ = {isa = PBXBuildFile; fileRef = F3585B5828B252CF00BCFD01 /* SessionManager.swift */; };
		F3585B5B28B256E400BCFD01 /* Router.swift in Sources */ = {isa = PBXBuildFile; fileRef = F3585B5A28B256E400BCFD01 /* Router.swift */; };
		F3585B5E28B2573D00BCFD01 /* RouterHelper.swift in Sources */ = {isa = PBXBuildFile; fileRef = F3585B5D28B2573D00BCFD01 /* RouterHelper.swift */; };
		F3585B6028B2579C00BCFD01 /* Logger.swift in Sources */ = {isa = PBXBuildFile; fileRef = F3585B5F28B2579C00BCFD01 /* Logger.swift */; };
		F3585B6628B2588200BCFD01 /* NavigationController.swift in Sources */ = {isa = PBXBuildFile; fileRef = F3585B6528B2588200BCFD01 /* NavigationController.swift */; };
		F3585B6928B25A0500BCFD01 /* ServerEndpoint.swift in Sources */ = {isa = PBXBuildFile; fileRef = F3585B6828B25A0500BCFD01 /* ServerEndpoint.swift */; };
		F3585B6B28B25B0E00BCFD01 /* NetworkCheckStack.swift in Sources */ = {isa = PBXBuildFile; fileRef = F3585B6A28B25B0E00BCFD01 /* NetworkCheckStack.swift */; };
		F3585B6D28B25BB600BCFD01 /* DateFormatter+Extension.swift in Sources */ = {isa = PBXBuildFile; fileRef = F3585B6C28B25BB600BCFD01 /* DateFormatter+Extension.swift */; };
		F3585B7028B25C8C00BCFD01 /* Debug.xcconfig in Resources */ = {isa = PBXBuildFile; fileRef = F3585B6F28B25C8C00BCFD01 /* Debug.xcconfig */; };
		F3585B7A28B2676900BCFD01 /* swiftgen.yml in Resources */ = {isa = PBXBuildFile; fileRef = F3585B7928B2676900BCFD01 /* swiftgen.yml */; };
		F3585B8328B2695A00BCFD01 /* XCAssets+Generated.swift in Sources */ = {isa = PBXBuildFile; fileRef = F3585B7F28B2695A00BCFD01 /* XCAssets+Generated.swift */; };
		F3585B8428B2695A00BCFD01 /* IB-Scenes+Generated.swift in Sources */ = {isa = PBXBuildFile; fileRef = F3585B8028B2695A00BCFD01 /* IB-Scenes+Generated.swift */; };
		F3585B8528B2695A00BCFD01 /* IB-Segues+Generated.swift in Sources */ = {isa = PBXBuildFile; fileRef = F3585B8128B2695A00BCFD01 /* IB-Segues+Generated.swift */; };
		F3585B8628B2695A00BCFD01 /* Strings+Generated.swift in Sources */ = {isa = PBXBuildFile; fileRef = F3585B8228B2695A00BCFD01 /* Strings+Generated.swift */; };
		F3585B8928B26A3D00BCFD01 /* Localizable.strings in Resources */ = {isa = PBXBuildFile; fileRef = F3585B8728B26A3D00BCFD01 /* Localizable.strings */; };
		F3585B8B28B26E3200BCFD01 /* Environment.swift in Sources */ = {isa = PBXBuildFile; fileRef = F3585B8A28B26E3200BCFD01 /* Environment.swift */; };
		F3585B8F28B27BBF00BCFD01 /* NewsList.swift in Sources */ = {isa = PBXBuildFile; fileRef = F3585B8E28B27BBF00BCFD01 /* NewsList.swift */; };
		F3585B9128B27BD000BCFD01 /* NewsListModel.swift in Sources */ = {isa = PBXBuildFile; fileRef = F3585B9028B27BD000BCFD01 /* NewsListModel.swift */; };
		F3585B9328B27E7200BCFD01 /* NewsListViewModel.swift in Sources */ = {isa = PBXBuildFile; fileRef = F3585B9228B27E7200BCFD01 /* NewsListViewModel.swift */; };
		F3585B9528B27EDC00BCFD01 /* NewsListCoordinator.swift in Sources */ = {isa = PBXBuildFile; fileRef = F3585B9428B27EDC00BCFD01 /* NewsListCoordinator.swift */; };
		F3585B9728B27EFE00BCFD01 /* NewsListProtocol.swift in Sources */ = {isa = PBXBuildFile; fileRef = F3585B9628B27EFE00BCFD01 /* NewsListProtocol.swift */; };
		F3585B9928B281F100BCFD01 /* NewsBuilder.swift in Sources */ = {isa = PBXBuildFile; fileRef = F3585B9828B281F100BCFD01 /* NewsBuilder.swift */; };
		F65A69E0F1C16431C56842C5 /* Pods_NewsAppTests.framework in Frameworks */ = {isa = PBXBuildFile; fileRef = 59890A2FA2898B864753B233 /* Pods_NewsAppTests.framework */; };
/* End PBXBuildFile section */

/* Begin PBXContainerItemProxy section */
		F3585B2F28B23A1000BCFD01 /* PBXContainerItemProxy */ = {
			isa = PBXContainerItemProxy;
			containerPortal = F3585B1028B23A0C00BCFD01 /* Project object */;
			proxyType = 1;
			remoteGlobalIDString = F3585B1728B23A0C00BCFD01;
			remoteInfo = NewsApp;
		};
		F3585B3928B23A1000BCFD01 /* PBXContainerItemProxy */ = {
			isa = PBXContainerItemProxy;
			containerPortal = F3585B1028B23A0C00BCFD01 /* Project object */;
			proxyType = 1;
			remoteGlobalIDString = F3585B1728B23A0C00BCFD01;
			remoteInfo = NewsApp;
		};
/* End PBXContainerItemProxy section */

/* Begin PBXFileReference section */
		0C3D5840ECEFA198F70E95EA /* Pods-NewsApp.release.xcconfig */ = {isa = PBXFileReference; includeInIndex = 1; lastKnownFileType = text.xcconfig; name = "Pods-NewsApp.release.xcconfig"; path = "Target Support Files/Pods-NewsApp/Pods-NewsApp.release.xcconfig"; sourceTree = "<group>"; };
		0CB493D9420DA8524972744B /* Pods_NewsApp.framework */ = {isa = PBXFileReference; explicitFileType = wrapper.framework; includeInIndex = 0; path = Pods_NewsApp.framework; sourceTree = BUILT_PRODUCTS_DIR; };
		290858B45AE36FDB6F912DDD /* Pods-NewsAppTests.debug.xcconfig */ = {isa = PBXFileReference; includeInIndex = 1; lastKnownFileType = text.xcconfig; name = "Pods-NewsAppTests.debug.xcconfig"; path = "Target Support Files/Pods-NewsAppTests/Pods-NewsAppTests.debug.xcconfig"; sourceTree = "<group>"; };
		59890A2FA2898B864753B233 /* Pods_NewsAppTests.framework */ = {isa = PBXFileReference; explicitFileType = wrapper.framework; includeInIndex = 0; path = Pods_NewsAppTests.framework; sourceTree = BUILT_PRODUCTS_DIR; };
		70E8C4F19B30E77D2033CF4F /* Pods-NewsApp-NewsAppUITests.debug.xcconfig */ = {isa = PBXFileReference; includeInIndex = 1; lastKnownFileType = text.xcconfig; name = "Pods-NewsApp-NewsAppUITests.debug.xcconfig"; path = "Target Support Files/Pods-NewsApp-NewsAppUITests/Pods-NewsApp-NewsAppUITests.debug.xcconfig"; sourceTree = "<group>"; };
		7EBFAD1BFA2474A077C30C15 /* Pods-NewsApp.debug.xcconfig */ = {isa = PBXFileReference; includeInIndex = 1; lastKnownFileType = text.xcconfig; name = "Pods-NewsApp.debug.xcconfig"; path = "Target Support Files/Pods-NewsApp/Pods-NewsApp.debug.xcconfig"; sourceTree = "<group>"; };
		9636D05ECE597999D4D39BEF /* Pods_NewsApp_NewsAppUITests.framework */ = {isa = PBXFileReference; explicitFileType = wrapper.framework; includeInIndex = 0; path = Pods_NewsApp_NewsAppUITests.framework; sourceTree = BUILT_PRODUCTS_DIR; };
		CB9F59D3CFAACB8E3E5E4F2A /* Pods-NewsApp-NewsAppUITests.release.xcconfig */ = {isa = PBXFileReference; includeInIndex = 1; lastKnownFileType = text.xcconfig; name = "Pods-NewsApp-NewsAppUITests.release.xcconfig"; path = "Target Support Files/Pods-NewsApp-NewsAppUITests/Pods-NewsApp-NewsAppUITests.release.xcconfig"; sourceTree = "<group>"; };
		EAC12609554C3D9EF34BD928 /* Pods-NewsAppTests.release.xcconfig */ = {isa = PBXFileReference; includeInIndex = 1; lastKnownFileType = text.xcconfig; name = "Pods-NewsAppTests.release.xcconfig"; path = "Target Support Files/Pods-NewsAppTests/Pods-NewsAppTests.release.xcconfig"; sourceTree = "<group>"; };
		F3585B1828B23A0C00BCFD01 /* NewsApp.app */ = {isa = PBXFileReference; explicitFileType = wrapper.application; includeInIndex = 0; path = NewsApp.app; sourceTree = BUILT_PRODUCTS_DIR; };
		F3585B1B28B23A0C00BCFD01 /* AppDelegate.swift */ = {isa = PBXFileReference; lastKnownFileType = sourcecode.swift; path = AppDelegate.swift; sourceTree = "<group>"; };
		F3585B1D28B23A0C00BCFD01 /* SceneDelegate.swift */ = {isa = PBXFileReference; lastKnownFileType = sourcecode.swift; path = SceneDelegate.swift; sourceTree = "<group>"; };
		F3585B2228B23A0C00BCFD01 /* Base */ = {isa = PBXFileReference; lastKnownFileType = file.storyboard; name = Base; path = Base.lproj/News.storyboard; sourceTree = "<group>"; };
		F3585B2428B23A1000BCFD01 /* Assets.xcassets */ = {isa = PBXFileReference; lastKnownFileType = folder.assetcatalog; path = Assets.xcassets; sourceTree = "<group>"; };
		F3585B2728B23A1000BCFD01 /* Base */ = {isa = PBXFileReference; lastKnownFileType = file.storyboard; name = Base; path = Base.lproj/LaunchScreen.storyboard; sourceTree = "<group>"; };
		F3585B2928B23A1000BCFD01 /* Info.plist */ = {isa = PBXFileReference; lastKnownFileType = text.plist.xml; path = Info.plist; sourceTree = "<group>"; };
		F3585B2E28B23A1000BCFD01 /* NewsAppTests.xctest */ = {isa = PBXFileReference; explicitFileType = wrapper.cfbundle; includeInIndex = 0; path = NewsAppTests.xctest; sourceTree = BUILT_PRODUCTS_DIR; };
		F3585B3228B23A1000BCFD01 /* NewsAppTests.swift */ = {isa = PBXFileReference; lastKnownFileType = sourcecode.swift; path = NewsAppTests.swift; sourceTree = "<group>"; };
		F3585B3828B23A1000BCFD01 /* NewsAppUITests.xctest */ = {isa = PBXFileReference; explicitFileType = wrapper.cfbundle; includeInIndex = 0; path = NewsAppUITests.xctest; sourceTree = BUILT_PRODUCTS_DIR; };
		F3585B3C28B23A1000BCFD01 /* NewsAppUITests.swift */ = {isa = PBXFileReference; lastKnownFileType = sourcecode.swift; path = NewsAppUITests.swift; sourceTree = "<group>"; };
		F3585B3E28B23A1000BCFD01 /* NewsAppUITestsLaunchTests.swift */ = {isa = PBXFileReference; lastKnownFileType = sourcecode.swift; path = NewsAppUITestsLaunchTests.swift; sourceTree = "<group>"; };
		F3585B4B28B23EB200BCFD01 /* GoogleService-Info.plist */ = {isa = PBXFileReference; fileEncoding = 4; lastKnownFileType = text.plist.xml; path = "GoogleService-Info.plist"; sourceTree = "<group>"; };
		F3585B4D28B24FFE00BCFD01 /* AppCoordinator.swift */ = {isa = PBXFileReference; lastKnownFileType = sourcecode.swift; path = AppCoordinator.swift; sourceTree = "<group>"; };
		F3585B4F28B2503E00BCFD01 /* Coordinator.swift */ = {isa = PBXFileReference; lastKnownFileType = sourcecode.swift; path = Coordinator.swift; sourceTree = "<group>"; };
		F3585B5228B2509100BCFD01 /* DependencyContainer.swift */ = {isa = PBXFileReference; lastKnownFileType = sourcecode.swift; path = DependencyContainer.swift; sourceTree = "<group>"; };
		F3585B5428B251B900BCFD01 /* APIManager.swift */ = {isa = PBXFileReference; lastKnownFileType = sourcecode.swift; path = APIManager.swift; sourceTree = "<group>"; };
		F3585B5628B2523300BCFD01 /* DependencyManager.swift */ = {isa = PBXFileReference; lastKnownFileType = sourcecode.swift; path = DependencyManager.swift; sourceTree = "<group>"; };
		F3585B5828B252CF00BCFD01 /* SessionManager.swift */ = {isa = PBXFileReference; lastKnownFileType = sourcecode.swift; path = SessionManager.swift; sourceTree = "<group>"; };
		F3585B5A28B256E400BCFD01 /* Router.swift */ = {isa = PBXFileReference; lastKnownFileType = sourcecode.swift; path = Router.swift; sourceTree = "<group>"; };
		F3585B5D28B2573D00BCFD01 /* RouterHelper.swift */ = {isa = PBXFileReference; lastKnownFileType = sourcecode.swift; path = RouterHelper.swift; sourceTree = "<group>"; };
		F3585B5F28B2579C00BCFD01 /* Logger.swift */ = {isa = PBXFileReference; lastKnownFileType = sourcecode.swift; path = Logger.swift; sourceTree = "<group>"; };
		F3585B6528B2588200BCFD01 /* NavigationController.swift */ = {isa = PBXFileReference; lastKnownFileType = sourcecode.swift; path = NavigationController.swift; sourceTree = "<group>"; };
		F3585B6828B25A0500BCFD01 /* ServerEndpoint.swift */ = {isa = PBXFileReference; lastKnownFileType = sourcecode.swift; path = ServerEndpoint.swift; sourceTree = "<group>"; };
		F3585B6A28B25B0E00BCFD01 /* NetworkCheckStack.swift */ = {isa = PBXFileReference; lastKnownFileType = sourcecode.swift; path = NetworkCheckStack.swift; sourceTree = "<group>"; };
		F3585B6C28B25BB600BCFD01 /* DateFormatter+Extension.swift */ = {isa = PBXFileReference; lastKnownFileType = sourcecode.swift; path = "DateFormatter+Extension.swift"; sourceTree = "<group>"; };
		F3585B6F28B25C8C00BCFD01 /* Debug.xcconfig */ = {isa = PBXFileReference; lastKnownFileType = text.xcconfig; path = Debug.xcconfig; sourceTree = "<group>"; };
		F3585B7128B25CA000BCFD01 /* Release.xcconfig */ = {isa = PBXFileReference; lastKnownFileType = text.xcconfig; path = Release.xcconfig; sourceTree = "<group>"; };
		F3585B7928B2676900BCFD01 /* swiftgen.yml */ = {isa = PBXFileReference; fileEncoding = 4; lastKnownFileType = text.yaml; path = swiftgen.yml; sourceTree = "<group>"; };
		F3585B7F28B2695A00BCFD01 /* XCAssets+Generated.swift */ = {isa = PBXFileReference; fileEncoding = 4; lastKnownFileType = sourcecode.swift; path = "XCAssets+Generated.swift"; sourceTree = "<group>"; };
		F3585B8028B2695A00BCFD01 /* IB-Scenes+Generated.swift */ = {isa = PBXFileReference; fileEncoding = 4; lastKnownFileType = sourcecode.swift; path = "IB-Scenes+Generated.swift"; sourceTree = "<group>"; };
		F3585B8128B2695A00BCFD01 /* IB-Segues+Generated.swift */ = {isa = PBXFileReference; fileEncoding = 4; lastKnownFileType = sourcecode.swift; path = "IB-Segues+Generated.swift"; sourceTree = "<group>"; };
		F3585B8228B2695A00BCFD01 /* Strings+Generated.swift */ = {isa = PBXFileReference; fileEncoding = 4; lastKnownFileType = sourcecode.swift; path = "Strings+Generated.swift"; sourceTree = "<group>"; };
		F3585B8828B26A3D00BCFD01 /* Base */ = {isa = PBXFileReference; lastKnownFileType = text.plist.strings; name = Base; path = NewsApp/Base.lproj/Localizable.strings; sourceTree = SOURCE_ROOT; };
		F3585B8A28B26E3200BCFD01 /* Environment.swift */ = {isa = PBXFileReference; lastKnownFileType = sourcecode.swift; path = Environment.swift; sourceTree = "<group>"; };
		F3585B8E28B27BBF00BCFD01 /* NewsList.swift */ = {isa = PBXFileReference; lastKnownFileType = sourcecode.swift; path = NewsList.swift; sourceTree = "<group>"; };
		F3585B9028B27BD000BCFD01 /* NewsListModel.swift */ = {isa = PBXFileReference; lastKnownFileType = sourcecode.swift; path = NewsListModel.swift; sourceTree = "<group>"; };
		F3585B9228B27E7200BCFD01 /* NewsListViewModel.swift */ = {isa = PBXFileReference; lastKnownFileType = sourcecode.swift; path = NewsListViewModel.swift; sourceTree = "<group>"; };
		F3585B9428B27EDC00BCFD01 /* NewsListCoordinator.swift */ = {isa = PBXFileReference; lastKnownFileType = sourcecode.swift; path = NewsListCoordinator.swift; sourceTree = "<group>"; };
		F3585B9628B27EFE00BCFD01 /* NewsListProtocol.swift */ = {isa = PBXFileReference; lastKnownFileType = sourcecode.swift; path = NewsListProtocol.swift; sourceTree = "<group>"; };
		F3585B9828B281F100BCFD01 /* NewsBuilder.swift */ = {isa = PBXFileReference; lastKnownFileType = sourcecode.swift; path = NewsBuilder.swift; sourceTree = "<group>"; };
/* End PBXFileReference section */

/* Begin PBXFrameworksBuildPhase section */
		F3585B1528B23A0C00BCFD01 /* Frameworks */ = {
			isa = PBXFrameworksBuildPhase;
			buildActionMask = 2147483647;
			files = (
				EBA4F9DCFD34F395BCAC877A /* Pods_NewsApp.framework in Frameworks */,
			);
			runOnlyForDeploymentPostprocessing = 0;
		};
		F3585B2B28B23A1000BCFD01 /* Frameworks */ = {
			isa = PBXFrameworksBuildPhase;
			buildActionMask = 2147483647;
			files = (
				F65A69E0F1C16431C56842C5 /* Pods_NewsAppTests.framework in Frameworks */,
			);
			runOnlyForDeploymentPostprocessing = 0;
		};
		F3585B3528B23A1000BCFD01 /* Frameworks */ = {
			isa = PBXFrameworksBuildPhase;
			buildActionMask = 2147483647;
			files = (
				B20B9F4E56BAC5B44AA461A0 /* Pods_NewsApp_NewsAppUITests.framework in Frameworks */,
			);
			runOnlyForDeploymentPostprocessing = 0;
		};
/* End PBXFrameworksBuildPhase section */

/* Begin PBXGroup section */
		800EA362075B42B6E4905ABC /* Pods */ = {
			isa = PBXGroup;
			children = (
				7EBFAD1BFA2474A077C30C15 /* Pods-NewsApp.debug.xcconfig */,
				0C3D5840ECEFA198F70E95EA /* Pods-NewsApp.release.xcconfig */,
				70E8C4F19B30E77D2033CF4F /* Pods-NewsApp-NewsAppUITests.debug.xcconfig */,
				CB9F59D3CFAACB8E3E5E4F2A /* Pods-NewsApp-NewsAppUITests.release.xcconfig */,
				290858B45AE36FDB6F912DDD /* Pods-NewsAppTests.debug.xcconfig */,
				EAC12609554C3D9EF34BD928 /* Pods-NewsAppTests.release.xcconfig */,
			);
			path = Pods;
			sourceTree = "<group>";
		};
		E7D01B6CE90BD98CB1A2E32F /* Frameworks */ = {
			isa = PBXGroup;
			children = (
				0CB493D9420DA8524972744B /* Pods_NewsApp.framework */,
				9636D05ECE597999D4D39BEF /* Pods_NewsApp_NewsAppUITests.framework */,
				59890A2FA2898B864753B233 /* Pods_NewsAppTests.framework */,
			);
			name = Frameworks;
			sourceTree = "<group>";
		};
		F3585B0F28B23A0C00BCFD01 = {
			isa = PBXGroup;
			children = (
				F3585B7928B2676900BCFD01 /* swiftgen.yml */,
				F3585B1A28B23A0C00BCFD01 /* NewsApp */,
				F3585B3128B23A1000BCFD01 /* NewsAppTests */,
				F3585B3B28B23A1000BCFD01 /* NewsAppUITests */,
				F3585B1928B23A0C00BCFD01 /* Products */,
				800EA362075B42B6E4905ABC /* Pods */,
				E7D01B6CE90BD98CB1A2E32F /* Frameworks */,
			);
			sourceTree = "<group>";
		};
		F3585B1928B23A0C00BCFD01 /* Products */ = {
			isa = PBXGroup;
			children = (
				F3585B1828B23A0C00BCFD01 /* NewsApp.app */,
				F3585B2E28B23A1000BCFD01 /* NewsAppTests.xctest */,
				F3585B3828B23A1000BCFD01 /* NewsAppUITests.xctest */,
			);
			name = Products;
			sourceTree = "<group>";
		};
		F3585B1A28B23A0C00BCFD01 /* NewsApp */ = {
			isa = PBXGroup;
			children = (
				F3585B6228B257CB00BCFD01 /* AppDelegate */,
				F3585B6328B257DC00BCFD01 /* SceneDelegate */,
				F3585B6E28B25BCC00BCFD01 /* Extensions */,
				F3585B6728B2588700BCFD01 /* Base */,
				F3585B6128B257B100BCFD01 /* Utils */,
				F3585B5128B2505400BCFD01 /* Dependencies */,
				F3585B6428B257E600BCFD01 /* Modules */,
				F3585B2128B23A0C00BCFD01 /* News.storyboard */,
				F3585B2628B23A1000BCFD01 /* LaunchScreen.storyboard */,
				F3585B7328B25EA500BCFD01 /* Configurations */,
				F3585B2928B23A1000BCFD01 /* Info.plist */,
				F3585B4B28B23EB200BCFD01 /* GoogleService-Info.plist */,
				F3585B7D28B2689500BCFD01 /* Resources */,
			);
			path = NewsApp;
			sourceTree = "<group>";
		};
		F3585B3128B23A1000BCFD01 /* NewsAppTests */ = {
			isa = PBXGroup;
			children = (
				F3585B3228B23A1000BCFD01 /* NewsAppTests.swift */,
			);
			path = NewsAppTests;
			sourceTree = "<group>";
		};
		F3585B3B28B23A1000BCFD01 /* NewsAppUITests */ = {
			isa = PBXGroup;
			children = (
				F3585B3C28B23A1000BCFD01 /* NewsAppUITests.swift */,
				F3585B3E28B23A1000BCFD01 /* NewsAppUITestsLaunchTests.swift */,
			);
			path = NewsAppUITests;
			sourceTree = "<group>";
		};
		F3585B5128B2505400BCFD01 /* Dependencies */ = {
			isa = PBXGroup;
			children = (
				F3585B4D28B24FFE00BCFD01 /* AppCoordinator.swift */,
				F3585B4F28B2503E00BCFD01 /* Coordinator.swift */,
				F3585B5228B2509100BCFD01 /* DependencyContainer.swift */,
				F3585B5428B251B900BCFD01 /* APIManager.swift */,
				F3585B5628B2523300BCFD01 /* DependencyManager.swift */,
				F3585B5828B252CF00BCFD01 /* SessionManager.swift */,
				F3585B5C28B256FF00BCFD01 /* Networking */,
				F3585B6828B25A0500BCFD01 /* ServerEndpoint.swift */,
			);
			path = Dependencies;
			sourceTree = "<group>";
		};
		F3585B5C28B256FF00BCFD01 /* Networking */ = {
			isa = PBXGroup;
			children = (
				F3585B5A28B256E400BCFD01 /* Router.swift */,
				F3585B5D28B2573D00BCFD01 /* RouterHelper.swift */,
				F3585B6A28B25B0E00BCFD01 /* NetworkCheckStack.swift */,
			);
			path = Networking;
			sourceTree = "<group>";
		};
		F3585B6128B257B100BCFD01 /* Utils */ = {
			isa = PBXGroup;
			children = (
				F3585B5F28B2579C00BCFD01 /* Logger.swift */,
			);
			path = Utils;
			sourceTree = "<group>";
		};
		F3585B6228B257CB00BCFD01 /* AppDelegate */ = {
			isa = PBXGroup;
			children = (
				F3585B1B28B23A0C00BCFD01 /* AppDelegate.swift */,
			);
			path = AppDelegate;
			sourceTree = "<group>";
		};
		F3585B6328B257DC00BCFD01 /* SceneDelegate */ = {
			isa = PBXGroup;
			children = (
				F3585B1D28B23A0C00BCFD01 /* SceneDelegate.swift */,
			);
			path = SceneDelegate;
			sourceTree = "<group>";
		};
		F3585B6428B257E600BCFD01 /* Modules */ = {
			isa = PBXGroup;
			children = (
				F3585B8E28B27BBF00BCFD01 /* NewsList.swift */,
				F3585B9228B27E7200BCFD01 /* NewsListViewModel.swift */,
				F3585B9028B27BD000BCFD01 /* NewsListModel.swift */,
				F3585B9428B27EDC00BCFD01 /* NewsListCoordinator.swift */,
				F3585B9628B27EFE00BCFD01 /* NewsListProtocol.swift */,
				F3585B9828B281F100BCFD01 /* NewsBuilder.swift */,
			);
			path = Modules;
			sourceTree = "<group>";
		};
		F3585B6728B2588700BCFD01 /* Base */ = {
			isa = PBXGroup;
			children = (
				F3585B6528B2588200BCFD01 /* NavigationController.swift */,
			);
			path = Base;
			sourceTree = "<group>";
		};
		F3585B6E28B25BCC00BCFD01 /* Extensions */ = {
			isa = PBXGroup;
			children = (
				F3585B6C28B25BB600BCFD01 /* DateFormatter+Extension.swift */,
			);
			path = Extensions;
			sourceTree = "<group>";
		};
		F3585B7328B25EA500BCFD01 /* Configurations */ = {
			isa = PBXGroup;
			children = (
				F3585B7128B25CA000BCFD01 /* Release.xcconfig */,
				F3585B6F28B25C8C00BCFD01 /* Debug.xcconfig */,
			);
			path = Configurations;
			sourceTree = "<group>";
		};
		F3585B7D28B2689500BCFD01 /* Resources */ = {
			isa = PBXGroup;
			children = (
				F3585B8A28B26E3200BCFD01 /* Environment.swift */,
				F3585B8728B26A3D00BCFD01 /* Localizable.strings */,
				F3585B2428B23A1000BCFD01 /* Assets.xcassets */,
				F3585B7E28B2689500BCFD01 /* Generated-SwiftGenFiles */,
			);
			path = Resources;
			sourceTree = "<group>";
		};
		F3585B7E28B2689500BCFD01 /* Generated-SwiftGenFiles */ = {
			isa = PBXGroup;
			children = (
				F3585B8028B2695A00BCFD01 /* IB-Scenes+Generated.swift */,
				F3585B8128B2695A00BCFD01 /* IB-Segues+Generated.swift */,
				F3585B8228B2695A00BCFD01 /* Strings+Generated.swift */,
				F3585B7F28B2695A00BCFD01 /* XCAssets+Generated.swift */,
			);
			path = "Generated-SwiftGenFiles";
			sourceTree = "<group>";
		};
/* End PBXGroup section */

/* Begin PBXNativeTarget section */
		F3585B1728B23A0C00BCFD01 /* NewsApp */ = {
			isa = PBXNativeTarget;
			buildConfigurationList = F3585B4228B23A1000BCFD01 /* Build configuration list for PBXNativeTarget "NewsApp" */;
			buildPhases = (
				CAECD019D35D723A1B513299 /* [CP] Check Pods Manifest.lock */,
				F3585B1428B23A0C00BCFD01 /* Sources */,
				F3585B1528B23A0C00BCFD01 /* Frameworks */,
				F3585B1628B23A0C00BCFD01 /* Resources */,
				272C34F03E6B81A478241CBE /* [CP] Embed Pods Frameworks */,
				F3585B7828B263B500BCFD01 /* SwiftGen */,
			);
			buildRules = (
			);
			dependencies = (
			);
			name = NewsApp;
			productName = NewsApp;
			productReference = F3585B1828B23A0C00BCFD01 /* NewsApp.app */;
			productType = "com.apple.product-type.application";
		};
		F3585B2D28B23A1000BCFD01 /* NewsAppTests */ = {
			isa = PBXNativeTarget;
			buildConfigurationList = F3585B4528B23A1000BCFD01 /* Build configuration list for PBXNativeTarget "NewsAppTests" */;
			buildPhases = (
				018A8AA20AF40DDD3B61ED3E /* [CP] Check Pods Manifest.lock */,
				F3585B2A28B23A1000BCFD01 /* Sources */,
				F3585B2B28B23A1000BCFD01 /* Frameworks */,
				F3585B2C28B23A1000BCFD01 /* Resources */,
			);
			buildRules = (
			);
			dependencies = (
				F3585B3028B23A1000BCFD01 /* PBXTargetDependency */,
			);
			name = NewsAppTests;
			productName = NewsAppTests;
			productReference = F3585B2E28B23A1000BCFD01 /* NewsAppTests.xctest */;
			productType = "com.apple.product-type.bundle.unit-test";
		};
		F3585B3728B23A1000BCFD01 /* NewsAppUITests */ = {
			isa = PBXNativeTarget;
			buildConfigurationList = F3585B4828B23A1000BCFD01 /* Build configuration list for PBXNativeTarget "NewsAppUITests" */;
			buildPhases = (
				7DAC0EA8AF70701212E4C8B7 /* [CP] Check Pods Manifest.lock */,
				F3585B3428B23A1000BCFD01 /* Sources */,
				F3585B3528B23A1000BCFD01 /* Frameworks */,
				F3585B3628B23A1000BCFD01 /* Resources */,
				468018B80ABBD547635A54D8 /* [CP] Embed Pods Frameworks */,
			);
			buildRules = (
			);
			dependencies = (
				F3585B3A28B23A1000BCFD01 /* PBXTargetDependency */,
			);
			name = NewsAppUITests;
			productName = NewsAppUITests;
			productReference = F3585B3828B23A1000BCFD01 /* NewsAppUITests.xctest */;
			productType = "com.apple.product-type.bundle.ui-testing";
		};
/* End PBXNativeTarget section */

/* Begin PBXProject section */
		F3585B1028B23A0C00BCFD01 /* Project object */ = {
			isa = PBXProject;
			attributes = {
				BuildIndependentTargetsInParallel = 1;
				LastSwiftUpdateCheck = 1340;
				LastUpgradeCheck = 1340;
				TargetAttributes = {
					F3585B1728B23A0C00BCFD01 = {
						CreatedOnToolsVersion = 13.4.1;
					};
					F3585B2D28B23A1000BCFD01 = {
						CreatedOnToolsVersion = 13.4.1;
						TestTargetID = F3585B1728B23A0C00BCFD01;
					};
					F3585B3728B23A1000BCFD01 = {
						CreatedOnToolsVersion = 13.4.1;
						TestTargetID = F3585B1728B23A0C00BCFD01;
					};
				};
			};
			buildConfigurationList = F3585B1328B23A0C00BCFD01 /* Build configuration list for PBXProject "NewsApp" */;
			compatibilityVersion = "Xcode 13.0";
			developmentRegion = en;
			hasScannedForEncodings = 0;
			knownRegions = (
				en,
				Base,
			);
			mainGroup = F3585B0F28B23A0C00BCFD01;
			productRefGroup = F3585B1928B23A0C00BCFD01 /* Products */;
			projectDirPath = "";
			projectRoot = "";
			targets = (
				F3585B1728B23A0C00BCFD01 /* NewsApp */,
				F3585B2D28B23A1000BCFD01 /* NewsAppTests */,
				F3585B3728B23A1000BCFD01 /* NewsAppUITests */,
			);
		};
/* End PBXProject section */

/* Begin PBXResourcesBuildPhase section */
		F3585B1628B23A0C00BCFD01 /* Resources */ = {
			isa = PBXResourcesBuildPhase;
			buildActionMask = 2147483647;
			files = (
				F3585B2828B23A1000BCFD01 /* LaunchScreen.storyboard in Resources */,
				F3585B7A28B2676900BCFD01 /* swiftgen.yml in Resources */,
				F3585B4C28B23EB200BCFD01 /* GoogleService-Info.plist in Resources */,
				F3585B8928B26A3D00BCFD01 /* Localizable.strings in Resources */,
				F3585B2528B23A1000BCFD01 /* Assets.xcassets in Resources */,
				F3585B7028B25C8C00BCFD01 /* Debug.xcconfig in Resources */,
				F3585B2328B23A0C00BCFD01 /* News.storyboard in Resources */,
			);
			runOnlyForDeploymentPostprocessing = 0;
		};
		F3585B2C28B23A1000BCFD01 /* Resources */ = {
			isa = PBXResourcesBuildPhase;
			buildActionMask = 2147483647;
			files = (
			);
			runOnlyForDeploymentPostprocessing = 0;
		};
		F3585B3628B23A1000BCFD01 /* Resources */ = {
			isa = PBXResourcesBuildPhase;
			buildActionMask = 2147483647;
			files = (
			);
			runOnlyForDeploymentPostprocessing = 0;
		};
/* End PBXResourcesBuildPhase section */

/* Begin PBXShellScriptBuildPhase section */
		018A8AA20AF40DDD3B61ED3E /* [CP] Check Pods Manifest.lock */ = {
			isa = PBXShellScriptBuildPhase;
			buildActionMask = 2147483647;
			files = (
			);
			inputFileListPaths = (
			);
			inputPaths = (
				"${PODS_PODFILE_DIR_PATH}/Podfile.lock",
				"${PODS_ROOT}/Manifest.lock",
			);
			name = "[CP] Check Pods Manifest.lock";
			outputFileListPaths = (
			);
			outputPaths = (
				"$(DERIVED_FILE_DIR)/Pods-NewsAppTests-checkManifestLockResult.txt",
			);
			runOnlyForDeploymentPostprocessing = 0;
			shellPath = /bin/sh;
			shellScript = "diff \"${PODS_PODFILE_DIR_PATH}/Podfile.lock\" \"${PODS_ROOT}/Manifest.lock\" > /dev/null\nif [ $? != 0 ] ; then\n    # print error to STDERR\n    echo \"error: The sandbox is not in sync with the Podfile.lock. Run 'pod install' or update your CocoaPods installation.\" >&2\n    exit 1\nfi\n# This output is used by Xcode 'outputs' to avoid re-running this script phase.\necho \"SUCCESS\" > \"${SCRIPT_OUTPUT_FILE_0}\"\n";
			showEnvVarsInLog = 0;
		};
		272C34F03E6B81A478241CBE /* [CP] Embed Pods Frameworks */ = {
			isa = PBXShellScriptBuildPhase;
			buildActionMask = 2147483647;
			files = (
			);
			inputFileListPaths = (
				"${PODS_ROOT}/Target Support Files/Pods-NewsApp/Pods-NewsApp-frameworks-${CONFIGURATION}-input-files.xcfilelist",
			);
			name = "[CP] Embed Pods Frameworks";
			outputFileListPaths = (
				"${PODS_ROOT}/Target Support Files/Pods-NewsApp/Pods-NewsApp-frameworks-${CONFIGURATION}-output-files.xcfilelist",
			);
			runOnlyForDeploymentPostprocessing = 0;
			shellPath = /bin/sh;
			shellScript = "\"${PODS_ROOT}/Target Support Files/Pods-NewsApp/Pods-NewsApp-frameworks.sh\"\n";
			showEnvVarsInLog = 0;
		};
		468018B80ABBD547635A54D8 /* [CP] Embed Pods Frameworks */ = {
			isa = PBXShellScriptBuildPhase;
			buildActionMask = 2147483647;
			files = (
			);
			inputFileListPaths = (
				"${PODS_ROOT}/Target Support Files/Pods-NewsApp-NewsAppUITests/Pods-NewsApp-NewsAppUITests-frameworks-${CONFIGURATION}-input-files.xcfilelist",
			);
			name = "[CP] Embed Pods Frameworks";
			outputFileListPaths = (
				"${PODS_ROOT}/Target Support Files/Pods-NewsApp-NewsAppUITests/Pods-NewsApp-NewsAppUITests-frameworks-${CONFIGURATION}-output-files.xcfilelist",
			);
			runOnlyForDeploymentPostprocessing = 0;
			shellPath = /bin/sh;
			shellScript = "\"${PODS_ROOT}/Target Support Files/Pods-NewsApp-NewsAppUITests/Pods-NewsApp-NewsAppUITests-frameworks.sh\"\n";
			showEnvVarsInLog = 0;
		};
		7DAC0EA8AF70701212E4C8B7 /* [CP] Check Pods Manifest.lock */ = {
			isa = PBXShellScriptBuildPhase;
			buildActionMask = 2147483647;
			files = (
			);
			inputFileListPaths = (
			);
			inputPaths = (
				"${PODS_PODFILE_DIR_PATH}/Podfile.lock",
				"${PODS_ROOT}/Manifest.lock",
			);
			name = "[CP] Check Pods Manifest.lock";
			outputFileListPaths = (
			);
			outputPaths = (
				"$(DERIVED_FILE_DIR)/Pods-NewsApp-NewsAppUITests-checkManifestLockResult.txt",
			);
			runOnlyForDeploymentPostprocessing = 0;
			shellPath = /bin/sh;
			shellScript = "diff \"${PODS_PODFILE_DIR_PATH}/Podfile.lock\" \"${PODS_ROOT}/Manifest.lock\" > /dev/null\nif [ $? != 0 ] ; then\n    # print error to STDERR\n    echo \"error: The sandbox is not in sync with the Podfile.lock. Run 'pod install' or update your CocoaPods installation.\" >&2\n    exit 1\nfi\n# This output is used by Xcode 'outputs' to avoid re-running this script phase.\necho \"SUCCESS\" > \"${SCRIPT_OUTPUT_FILE_0}\"\n";
			showEnvVarsInLog = 0;
		};
		CAECD019D35D723A1B513299 /* [CP] Check Pods Manifest.lock */ = {
			isa = PBXShellScriptBuildPhase;
			buildActionMask = 2147483647;
			files = (
			);
			inputFileListPaths = (
			);
			inputPaths = (
				"${PODS_PODFILE_DIR_PATH}/Podfile.lock",
				"${PODS_ROOT}/Manifest.lock",
			);
			name = "[CP] Check Pods Manifest.lock";
			outputFileListPaths = (
			);
			outputPaths = (
				"$(DERIVED_FILE_DIR)/Pods-NewsApp-checkManifestLockResult.txt",
			);
			runOnlyForDeploymentPostprocessing = 0;
			shellPath = /bin/sh;
			shellScript = "diff \"${PODS_PODFILE_DIR_PATH}/Podfile.lock\" \"${PODS_ROOT}/Manifest.lock\" > /dev/null\nif [ $? != 0 ] ; then\n    # print error to STDERR\n    echo \"error: The sandbox is not in sync with the Podfile.lock. Run 'pod install' or update your CocoaPods installation.\" >&2\n    exit 1\nfi\n# This output is used by Xcode 'outputs' to avoid re-running this script phase.\necho \"SUCCESS\" > \"${SCRIPT_OUTPUT_FILE_0}\"\n";
			showEnvVarsInLog = 0;
		};
		F3585B7828B263B500BCFD01 /* SwiftGen */ = {
			isa = PBXShellScriptBuildPhase;
			buildActionMask = 2147483647;
			files = (
			);
			inputFileListPaths = (
			);
			inputPaths = (
			);
			name = SwiftGen;
			outputFileListPaths = (
			);
			outputPaths = (
			);
			runOnlyForDeploymentPostprocessing = 0;
			shellPath = /bin/sh;
			shellScript = "# Type a script or drag a script file from your workspace to insert its path.\nif [[ -f \"${PODS_ROOT}/SwiftGen/bin/swiftgen\" ]]; then\n  \"${PODS_ROOT}/SwiftGen/bin/swiftgen\"\nelse\n  echo \"warning: SwiftGen is not installed. Run 'pod install --repo-update' to install it.\"\nfi\n";
		};
/* End PBXShellScriptBuildPhase section */

/* Begin PBXSourcesBuildPhase section */
		F3585B1428B23A0C00BCFD01 /* Sources */ = {
			isa = PBXSourcesBuildPhase;
			buildActionMask = 2147483647;
			files = (
				F3585B9928B281F100BCFD01 /* NewsBuilder.swift in Sources */,
				F3585B4E28B24FFE00BCFD01 /* AppCoordinator.swift in Sources */,
				F3585B6928B25A0500BCFD01 /* ServerEndpoint.swift in Sources */,
				F3585B6D28B25BB600BCFD01 /* DateFormatter+Extension.swift in Sources */,
				F3585B5E28B2573D00BCFD01 /* RouterHelper.swift in Sources */,
				F3585B8428B2695A00BCFD01 /* IB-Scenes+Generated.swift in Sources */,
				F3585B9328B27E7200BCFD01 /* NewsListViewModel.swift in Sources */,
				F3585B5B28B256E400BCFD01 /* Router.swift in Sources */,
				F3585B6028B2579C00BCFD01 /* Logger.swift in Sources */,
				F3585B6B28B25B0E00BCFD01 /* NetworkCheckStack.swift in Sources */,
				F3585B9528B27EDC00BCFD01 /* NewsListCoordinator.swift in Sources */,
				F3585B5928B252CF00BCFD01 /* SessionManager.swift in Sources */,
				F3585B8F28B27BBF00BCFD01 /* NewsList.swift in Sources */,
				F3585B8B28B26E3200BCFD01 /* Environment.swift in Sources */,
				F3585B8628B2695A00BCFD01 /* Strings+Generated.swift in Sources */,
				F3585B5028B2503E00BCFD01 /* Coordinator.swift in Sources */,
				F3585B1C28B23A0C00BCFD01 /* AppDelegate.swift in Sources */,
				F3585B9728B27EFE00BCFD01 /* NewsListProtocol.swift in Sources */,
				F3585B6628B2588200BCFD01 /* NavigationController.swift in Sources */,
				F3585B8528B2695A00BCFD01 /* IB-Segues+Generated.swift in Sources */,
				F3585B5728B2523300BCFD01 /* DependencyManager.swift in Sources */,
				F3585B5328B2509100BCFD01 /* DependencyContainer.swift in Sources */,
				F3585B9128B27BD000BCFD01 /* NewsListModel.swift in Sources */,
				F3585B1E28B23A0C00BCFD01 /* SceneDelegate.swift in Sources */,
				F3585B8328B2695A00BCFD01 /* XCAssets+Generated.swift in Sources */,
				F3585B5528B251B900BCFD01 /* APIManager.swift in Sources */,
			);
			runOnlyForDeploymentPostprocessing = 0;
		};
		F3585B2A28B23A1000BCFD01 /* Sources */ = {
			isa = PBXSourcesBuildPhase;
			buildActionMask = 2147483647;
			files = (
				F3585B3328B23A1000BCFD01 /* NewsAppTests.swift in Sources */,
			);
			runOnlyForDeploymentPostprocessing = 0;
		};
		F3585B3428B23A1000BCFD01 /* Sources */ = {
			isa = PBXSourcesBuildPhase;
			buildActionMask = 2147483647;
			files = (
				F3585B3D28B23A1000BCFD01 /* NewsAppUITests.swift in Sources */,
				F3585B3F28B23A1000BCFD01 /* NewsAppUITestsLaunchTests.swift in Sources */,
			);
			runOnlyForDeploymentPostprocessing = 0;
		};
/* End PBXSourcesBuildPhase section */

/* Begin PBXTargetDependency section */
		F3585B3028B23A1000BCFD01 /* PBXTargetDependency */ = {
			isa = PBXTargetDependency;
			target = F3585B1728B23A0C00BCFD01 /* NewsApp */;
			targetProxy = F3585B2F28B23A1000BCFD01 /* PBXContainerItemProxy */;
		};
		F3585B3A28B23A1000BCFD01 /* PBXTargetDependency */ = {
			isa = PBXTargetDependency;
			target = F3585B1728B23A0C00BCFD01 /* NewsApp */;
			targetProxy = F3585B3928B23A1000BCFD01 /* PBXContainerItemProxy */;
		};
/* End PBXTargetDependency section */

/* Begin PBXVariantGroup section */
		F3585B2128B23A0C00BCFD01 /* News.storyboard */ = {
			isa = PBXVariantGroup;
			children = (
				F3585B2228B23A0C00BCFD01 /* Base */,
			);
			name = News.storyboard;
			sourceTree = "<group>";
		};
		F3585B2628B23A1000BCFD01 /* LaunchScreen.storyboard */ = {
			isa = PBXVariantGroup;
			children = (
				F3585B2728B23A1000BCFD01 /* Base */,
			);
			name = LaunchScreen.storyboard;
			sourceTree = "<group>";
		};
		F3585B8728B26A3D00BCFD01 /* Localizable.strings */ = {
			isa = PBXVariantGroup;
			children = (
				F3585B8828B26A3D00BCFD01 /* Base */,
			);
			name = Localizable.strings;
			sourceTree = "<group>";
		};
/* End PBXVariantGroup section */

/* Begin XCBuildConfiguration section */
		F3585B4028B23A1000BCFD01 /* Debug */ = {
			isa = XCBuildConfiguration;
			buildSettings = {
				ALWAYS_SEARCH_USER_PATHS = NO;
				CLANG_ANALYZER_NONNULL = YES;
				CLANG_ANALYZER_NUMBER_OBJECT_CONVERSION = YES_AGGRESSIVE;
				CLANG_CXX_LANGUAGE_STANDARD = "gnu++17";
				CLANG_ENABLE_MODULES = YES;
				CLANG_ENABLE_OBJC_ARC = YES;
				CLANG_ENABLE_OBJC_WEAK = YES;
				CLANG_WARN_BLOCK_CAPTURE_AUTORELEASING = YES;
				CLANG_WARN_BOOL_CONVERSION = YES;
				CLANG_WARN_COMMA = YES;
				CLANG_WARN_CONSTANT_CONVERSION = YES;
				CLANG_WARN_DEPRECATED_OBJC_IMPLEMENTATIONS = YES;
				CLANG_WARN_DIRECT_OBJC_ISA_USAGE = YES_ERROR;
				CLANG_WARN_DOCUMENTATION_COMMENTS = YES;
				CLANG_WARN_EMPTY_BODY = YES;
				CLANG_WARN_ENUM_CONVERSION = YES;
				CLANG_WARN_INFINITE_RECURSION = YES;
				CLANG_WARN_INT_CONVERSION = YES;
				CLANG_WARN_NON_LITERAL_NULL_CONVERSION = YES;
				CLANG_WARN_OBJC_IMPLICIT_RETAIN_SELF = YES;
				CLANG_WARN_OBJC_LITERAL_CONVERSION = YES;
				CLANG_WARN_OBJC_ROOT_CLASS = YES_ERROR;
				CLANG_WARN_QUOTED_INCLUDE_IN_FRAMEWORK_HEADER = YES;
				CLANG_WARN_RANGE_LOOP_ANALYSIS = YES;
				CLANG_WARN_STRICT_PROTOTYPES = YES;
				CLANG_WARN_SUSPICIOUS_MOVE = YES;
				CLANG_WARN_UNGUARDED_AVAILABILITY = YES_AGGRESSIVE;
				CLANG_WARN_UNREACHABLE_CODE = YES;
				CLANG_WARN__DUPLICATE_METHOD_MATCH = YES;
				COPY_PHASE_STRIP = NO;
				DEBUG_INFORMATION_FORMAT = dwarf;
				ENABLE_STRICT_OBJC_MSGSEND = YES;
				ENABLE_TESTABILITY = YES;
				GCC_C_LANGUAGE_STANDARD = gnu11;
				GCC_DYNAMIC_NO_PIC = NO;
				GCC_NO_COMMON_BLOCKS = YES;
				GCC_OPTIMIZATION_LEVEL = 0;
				GCC_PREPROCESSOR_DEFINITIONS = (
					"DEBUG=1",
					"$(inherited)",
				);
				GCC_WARN_64_TO_32_BIT_CONVERSION = YES;
				GCC_WARN_ABOUT_RETURN_TYPE = YES_ERROR;
				GCC_WARN_UNDECLARED_SELECTOR = YES;
				GCC_WARN_UNINITIALIZED_AUTOS = YES_AGGRESSIVE;
				GCC_WARN_UNUSED_FUNCTION = YES;
				GCC_WARN_UNUSED_VARIABLE = YES;
				IPHONEOS_DEPLOYMENT_TARGET = 15.5;
				MTL_ENABLE_DEBUG_INFO = INCLUDE_SOURCE;
				MTL_FAST_MATH = YES;
				ONLY_ACTIVE_ARCH = YES;
				SDKROOT = iphoneos;
				SWIFT_ACTIVE_COMPILATION_CONDITIONS = DEBUG;
				SWIFT_OPTIMIZATION_LEVEL = "-Onone";
			};
			name = Debug;
		};
		F3585B4128B23A1000BCFD01 /* Release */ = {
			isa = XCBuildConfiguration;
			buildSettings = {
				ALWAYS_SEARCH_USER_PATHS = NO;
				CLANG_ANALYZER_NONNULL = YES;
				CLANG_ANALYZER_NUMBER_OBJECT_CONVERSION = YES_AGGRESSIVE;
				CLANG_CXX_LANGUAGE_STANDARD = "gnu++17";
				CLANG_ENABLE_MODULES = YES;
				CLANG_ENABLE_OBJC_ARC = YES;
				CLANG_ENABLE_OBJC_WEAK = YES;
				CLANG_WARN_BLOCK_CAPTURE_AUTORELEASING = YES;
				CLANG_WARN_BOOL_CONVERSION = YES;
				CLANG_WARN_COMMA = YES;
				CLANG_WARN_CONSTANT_CONVERSION = YES;
				CLANG_WARN_DEPRECATED_OBJC_IMPLEMENTATIONS = YES;
				CLANG_WARN_DIRECT_OBJC_ISA_USAGE = YES_ERROR;
				CLANG_WARN_DOCUMENTATION_COMMENTS = YES;
				CLANG_WARN_EMPTY_BODY = YES;
				CLANG_WARN_ENUM_CONVERSION = YES;
				CLANG_WARN_INFINITE_RECURSION = YES;
				CLANG_WARN_INT_CONVERSION = YES;
				CLANG_WARN_NON_LITERAL_NULL_CONVERSION = YES;
				CLANG_WARN_OBJC_IMPLICIT_RETAIN_SELF = YES;
				CLANG_WARN_OBJC_LITERAL_CONVERSION = YES;
				CLANG_WARN_OBJC_ROOT_CLASS = YES_ERROR;
				CLANG_WARN_QUOTED_INCLUDE_IN_FRAMEWORK_HEADER = YES;
				CLANG_WARN_RANGE_LOOP_ANALYSIS = YES;
				CLANG_WARN_STRICT_PROTOTYPES = YES;
				CLANG_WARN_SUSPICIOUS_MOVE = YES;
				CLANG_WARN_UNGUARDED_AVAILABILITY = YES_AGGRESSIVE;
				CLANG_WARN_UNREACHABLE_CODE = YES;
				CLANG_WARN__DUPLICATE_METHOD_MATCH = YES;
				COPY_PHASE_STRIP = NO;
				DEBUG_INFORMATION_FORMAT = "dwarf-with-dsym";
				ENABLE_NS_ASSERTIONS = NO;
				ENABLE_STRICT_OBJC_MSGSEND = YES;
				GCC_C_LANGUAGE_STANDARD = gnu11;
				GCC_NO_COMMON_BLOCKS = YES;
				GCC_WARN_64_TO_32_BIT_CONVERSION = YES;
				GCC_WARN_ABOUT_RETURN_TYPE = YES_ERROR;
				GCC_WARN_UNDECLARED_SELECTOR = YES;
				GCC_WARN_UNINITIALIZED_AUTOS = YES_AGGRESSIVE;
				GCC_WARN_UNUSED_FUNCTION = YES;
				GCC_WARN_UNUSED_VARIABLE = YES;
				IPHONEOS_DEPLOYMENT_TARGET = 15.5;
				MTL_ENABLE_DEBUG_INFO = NO;
				MTL_FAST_MATH = YES;
				SDKROOT = iphoneos;
				SWIFT_COMPILATION_MODE = wholemodule;
				SWIFT_OPTIMIZATION_LEVEL = "-O";
				VALIDATE_PRODUCT = YES;
			};
			name = Release;
		};
		F3585B4328B23A1000BCFD01 /* Debug */ = {
			isa = XCBuildConfiguration;
			baseConfigurationReference = 7EBFAD1BFA2474A077C30C15 /* Pods-NewsApp.debug.xcconfig */;
			buildSettings = {
				ASSETCATALOG_COMPILER_APPICON_NAME = AppIcon;
				ASSETCATALOG_COMPILER_GLOBAL_ACCENT_COLOR_NAME = AccentColor;
				CODE_SIGN_STYLE = Automatic;
				CURRENT_PROJECT_VERSION = 1;
				DEVELOPMENT_TEAM = VSHGTXPRBZ;
				GENERATE_INFOPLIST_FILE = YES;
				INFOPLIST_FILE = NewsApp/Info.plist;
				INFOPLIST_KEY_UIApplicationSupportsIndirectInputEvents = YES;
				INFOPLIST_KEY_UILaunchStoryboardName = LaunchScreen;
				INFOPLIST_KEY_UISupportedInterfaceOrientations_iPad = "UIInterfaceOrientationPortrait UIInterfaceOrientationPortraitUpsideDown UIInterfaceOrientationLandscapeLeft UIInterfaceOrientationLandscapeRight";
				INFOPLIST_KEY_UISupportedInterfaceOrientations_iPhone = "UIInterfaceOrientationPortrait UIInterfaceOrientationLandscapeLeft UIInterfaceOrientationLandscapeRight";
				LD_RUNPATH_SEARCH_PATHS = (
					"$(inherited)",
					"@executable_path/Frameworks",
				);
				MARKETING_VERSION = 1.0;
				PRODUCT_BUNDLE_IDENTIFIER = com.vinayakWorkGroup.NewsApp;
				PRODUCT_NAME = "$(TARGET_NAME)";
				SWIFT_EMIT_LOC_STRINGS = YES;
				SWIFT_VERSION = 5.0;
				TARGETED_DEVICE_FAMILY = "1,2";
			};
			name = Debug;
		};
		F3585B4428B23A1000BCFD01 /* Release */ = {
			isa = XCBuildConfiguration;
			baseConfigurationReference = 0C3D5840ECEFA198F70E95EA /* Pods-NewsApp.release.xcconfig */;
			buildSettings = {
				ASSETCATALOG_COMPILER_APPICON_NAME = AppIcon;
				ASSETCATALOG_COMPILER_GLOBAL_ACCENT_COLOR_NAME = AccentColor;
				CODE_SIGN_STYLE = Automatic;
				CURRENT_PROJECT_VERSION = 1;
				DEVELOPMENT_TEAM = VSHGTXPRBZ;
				GENERATE_INFOPLIST_FILE = YES;
				INFOPLIST_FILE = NewsApp/Info.plist;
				INFOPLIST_KEY_UIApplicationSupportsIndirectInputEvents = YES;
				INFOPLIST_KEY_UILaunchStoryboardName = LaunchScreen;
				INFOPLIST_KEY_UISupportedInterfaceOrientations_iPad = "UIInterfaceOrientationPortrait UIInterfaceOrientationPortraitUpsideDown UIInterfaceOrientationLandscapeLeft UIInterfaceOrientationLandscapeRight";
				INFOPLIST_KEY_UISupportedInterfaceOrientations_iPhone = "UIInterfaceOrientationPortrait UIInterfaceOrientationLandscapeLeft UIInterfaceOrientationLandscapeRight";
				LD_RUNPATH_SEARCH_PATHS = (
					"$(inherited)",
					"@executable_path/Frameworks",
				);
				MARKETING_VERSION = 1.0;
				PRODUCT_BUNDLE_IDENTIFIER = com.vinayakWorkGroup.NewsApp;
				PRODUCT_NAME = "$(TARGET_NAME)";
				SWIFT_EMIT_LOC_STRINGS = YES;
				SWIFT_VERSION = 5.0;
				TARGETED_DEVICE_FAMILY = "1,2";
			};
			name = Release;
		};
		F3585B4628B23A1000BCFD01 /* Debug */ = {
			isa = XCBuildConfiguration;
			baseConfigurationReference = 290858B45AE36FDB6F912DDD /* Pods-NewsAppTests.debug.xcconfig */;
			buildSettings = {
				ALWAYS_EMBED_SWIFT_STANDARD_LIBRARIES = YES;
				BUNDLE_LOADER = "$(TEST_HOST)";
				CODE_SIGN_STYLE = Automatic;
				CURRENT_PROJECT_VERSION = 1;
				GENERATE_INFOPLIST_FILE = YES;
				IPHONEOS_DEPLOYMENT_TARGET = 15.5;
				MARKETING_VERSION = 1.0;
				PRODUCT_BUNDLE_IDENTIFIER = Com.Demo.NewsAppTests;
				PRODUCT_NAME = "$(TARGET_NAME)";
				SWIFT_EMIT_LOC_STRINGS = NO;
				SWIFT_VERSION = 5.0;
				TARGETED_DEVICE_FAMILY = "1,2";
				TEST_HOST = "$(BUILT_PRODUCTS_DIR)/NewsApp.app/NewsApp";
			};
			name = Debug;
		};
		F3585B4728B23A1000BCFD01 /* Release */ = {
			isa = XCBuildConfiguration;
			baseConfigurationReference = EAC12609554C3D9EF34BD928 /* Pods-NewsAppTests.release.xcconfig */;
			buildSettings = {
				ALWAYS_EMBED_SWIFT_STANDARD_LIBRARIES = YES;
				BUNDLE_LOADER = "$(TEST_HOST)";
				CODE_SIGN_STYLE = Automatic;
				CURRENT_PROJECT_VERSION = 1;
				GENERATE_INFOPLIST_FILE = YES;
				IPHONEOS_DEPLOYMENT_TARGET = 15.5;
				MARKETING_VERSION = 1.0;
				PRODUCT_BUNDLE_IDENTIFIER = Com.Demo.NewsAppTests;
				PRODUCT_NAME = "$(TARGET_NAME)";
				SWIFT_EMIT_LOC_STRINGS = NO;
				SWIFT_VERSION = 5.0;
				TARGETED_DEVICE_FAMILY = "1,2";
				TEST_HOST = "$(BUILT_PRODUCTS_DIR)/NewsApp.app/NewsApp";
			};
			name = Release;
		};
		F3585B4928B23A1000BCFD01 /* Debug */ = {
			isa = XCBuildConfiguration;
			baseConfigurationReference = 70E8C4F19B30E77D2033CF4F /* Pods-NewsApp-NewsAppUITests.debug.xcconfig */;
			buildSettings = {
				ALWAYS_EMBED_SWIFT_STANDARD_LIBRARIES = YES;
				CODE_SIGN_STYLE = Automatic;
				CURRENT_PROJECT_VERSION = 1;
				GENERATE_INFOPLIST_FILE = YES;
				MARKETING_VERSION = 1.0;
				PRODUCT_BUNDLE_IDENTIFIER = Com.Demo.NewsAppUITests;
				PRODUCT_NAME = "$(TARGET_NAME)";
				SWIFT_EMIT_LOC_STRINGS = NO;
				SWIFT_VERSION = 5.0;
				TARGETED_DEVICE_FAMILY = "1,2";
				TEST_TARGET_NAME = NewsApp;
			};
			name = Debug;
		};
		F3585B4A28B23A1000BCFD01 /* Release */ = {
			isa = XCBuildConfiguration;
			baseConfigurationReference = CB9F59D3CFAACB8E3E5E4F2A /* Pods-NewsApp-NewsAppUITests.release.xcconfig */;
			buildSettings = {
				ALWAYS_EMBED_SWIFT_STANDARD_LIBRARIES = YES;
				CODE_SIGN_STYLE = Automatic;
				CURRENT_PROJECT_VERSION = 1;
				GENERATE_INFOPLIST_FILE = YES;
				MARKETING_VERSION = 1.0;
				PRODUCT_BUNDLE_IDENTIFIER = Com.Demo.NewsAppUITests;
				PRODUCT_NAME = "$(TARGET_NAME)";
				SWIFT_EMIT_LOC_STRINGS = NO;
				SWIFT_VERSION = 5.0;
				TARGETED_DEVICE_FAMILY = "1,2";
				TEST_TARGET_NAME = NewsApp;
			};
			name = Release;
		};
/* End XCBuildConfiguration section */

/* Begin XCConfigurationList section */
		F3585B1328B23A0C00BCFD01 /* Build configuration list for PBXProject "NewsApp" */ = {
			isa = XCConfigurationList;
			buildConfigurations = (
				F3585B4028B23A1000BCFD01 /* Debug */,
				F3585B4128B23A1000BCFD01 /* Release */,
			);
			defaultConfigurationIsVisible = 0;
			defaultConfigurationName = Release;
		};
		F3585B4228B23A1000BCFD01 /* Build configuration list for PBXNativeTarget "NewsApp" */ = {
			isa = XCConfigurationList;
			buildConfigurations = (
				F3585B4328B23A1000BCFD01 /* Debug */,
				F3585B4428B23A1000BCFD01 /* Release */,
			);
			defaultConfigurationIsVisible = 0;
			defaultConfigurationName = Release;
		};
		F3585B4528B23A1000BCFD01 /* Build configuration list for PBXNativeTarget "NewsAppTests" */ = {
			isa = XCConfigurationList;
			buildConfigurations = (
				F3585B4628B23A1000BCFD01 /* Debug */,
				F3585B4728B23A1000BCFD01 /* Release */,
			);
			defaultConfigurationIsVisible = 0;
			defaultConfigurationName = Release;
		};
		F3585B4828B23A1000BCFD01 /* Build configuration list for PBXNativeTarget "NewsAppUITests" */ = {
			isa = XCConfigurationList;
			buildConfigurations = (
				F3585B4928B23A1000BCFD01 /* Debug */,
				F3585B4A28B23A1000BCFD01 /* Release */,
			);
			defaultConfigurationIsVisible = 0;
			defaultConfigurationName = Release;
		};
/* End XCConfigurationList section */
	};
	rootObject = F3585B1028B23A0C00BCFD01 /* Project object */;
}
